
Microsoft Visual Studio Solution File, Format Version 12.00
# Visual Studio 15
VisualStudioVersion = 15.0.27703.1
MinimumVisualStudioVersion = 10.0.40219.1
Project("{FAE04EC0-301F-11D3-BF4B-00C04F79EFBC}") = "DoxygenDocumenter", "DoxygenDocumenter\DoxygenDocumenter.csproj", "{41A052A6-DB3C-40C8-9154-E935C68323E3}"
EndProject
Global
	GlobalSection(SolutionConfigurationPlatforms) = preSolution
		Debug|Any CPU = Debug|Any CPU
		Release|Any CPU = Release|Any CPU
	EndGlobalSection
	GlobalSection(ProjectConfigurationPlatforms) = postSolution
		{41A052A6-DB3C-40C8-9154-E935C68323E3}.Debug|Any CPU.ActiveCfg = Debug|Any CPU
		{41A052A6-DB3C-40C8-9154-E935C68323E3}.Debug|Any CPU.Build.0 = Debug|Any CPU
		{41A052A6-DB3C-40C8-9154-E935C68323E3}.Release|Any CPU.ActiveCfg = Release|Any CPU
		{41A052A6-DB3C-40C8-9154-E935C68323E3}.Release|Any CPU.Build.0 = Release|Any CPU
	EndGlobalSection
	GlobalSection(SolutionProperties) = preSolution
		HideSolutionNode = FALSE
	EndGlobalSection
	GlobalSection(ExtensibilityGlobals) = postSolution
		SolutionGuid = {C932229E-31E9-4F38-B237-01C496597D4C}
	EndGlobalSection
EndGlobal
